
Microsoft Visual Studio Solution File, Format Version 12.00
# Visual Studio 15
VisualStudioVersion = 15.0.27703.2047
MinimumVisualStudioVersion = 10.0.40219.1
Project("{FAE04EC0-301F-11D3-BF4B-00C04F79EFBC}") = "AdvancedGodVanish", "AdvancedGodVanish.csproj", "{783A99C7-18EF-42BF-BF14-94D5296B06FB}"
EndProject
Global
	GlobalSection(SolutionConfigurationPlatforms) = preSolution
		Debug|Any CPU = Debug|Any CPU
		Release|Any CPU = Release|Any CPU
	EndGlobalSection
	GlobalSection(ProjectConfigurationPlatforms) = postSolution
		{783A99C7-18EF-42BF-BF14-94D5296B06FB}.Debug|Any CPU.ActiveCfg = Debug|Any CPU
		{783A99C7-18EF-42BF-BF14-94D5296B06FB}.Debug|Any CPU.Build.0 = Debug|Any CPU
		{783A99C7-18EF-42BF-BF14-94D5296B06FB}.Release|Any CPU.ActiveCfg = Release|Any CPU
		{783A99C7-18EF-42BF-BF14-94D5296B06FB}.Release|Any CPU.Build.0 = Release|Any CPU
	EndGlobalSection
	GlobalSection(SolutionProperties) = preSolution
		HideSolutionNode = FALSE
	EndGlobalSection
	GlobalSection(ExtensibilityGlobals) = postSolution
		SolutionGuid = {F1DCD3D5-C850-472F-B28F-86B839D6F494}
	EndGlobalSection
EndGlobal
